
Microsoft Visual Studio Solution File, Format Version 12.00
# Visual Studio Version 17
VisualStudioVersion = 17.2.32616.157
MinimumVisualStudioVersion = 10.0.40219.1
Project("{FAE04EC0-301F-11D3-BF4B-00C04F79EFBC}") = "JWT", "JWT\JWT.csproj", "{8E9E6F98-6FA9-4F79-A7A2-CEA0D2B201B5}"
EndProject
Global
	GlobalSection(SolutionConfigurationPlatforms) = preSolution
		Debug|Any CPU = Debug|Any CPU
		Release|Any CPU = Release|Any CPU
	EndGlobalSection
	GlobalSection(ProjectConfigurationPlatforms) = postSolution
		{8E9E6F98-6FA9-4F79-A7A2-CEA0D2B201B5}.Debug|Any CPU.ActiveCfg = Debug|Any CPU
		{8E9E6F98-6FA9-4F79-A7A2-CEA0D2B201B5}.Debug|Any CPU.Build.0 = Debug|Any CPU
		{8E9E6F98-6FA9-4F79-A7A2-CEA0D2B201B5}.Release|Any CPU.ActiveCfg = Release|Any CPU
		{8E9E6F98-6FA9-4F79-A7A2-CEA0D2B201B5}.Release|Any CPU.Build.0 = Release|Any CPU
	EndGlobalSection
	GlobalSection(SolutionProperties) = preSolution
		HideSolutionNode = FALSE
	EndGlobalSection
	GlobalSection(ExtensibilityGlobals) = postSolution
		SolutionGuid = {7DF3C597-E518-4000-B982-66013777DF79}
	EndGlobalSection
EndGlobal
